
Microsoft Visual Studio Solution File, Format Version 12.00
# Visual Studio 2013
VisualStudioVersion = 12.0.40629.0
MinimumVisualStudioVersion = 10.0.40219.1
Project("{E24C65DC-7377-472B-9ABA-BC803B73C61A}") = "aptoFisico", "aptoFisico\", "{3B00293B-0FDC-4F7C-84A2-5288B258DAD5}"
	ProjectSection(WebsiteProperties) = preProject
		TargetFrameworkMoniker = ".NETFramework,Version%3Dv4.6.1"
		Debug.AspNetCompiler.VirtualPath = "/localhost_52248"
		Debug.AspNetCompiler.PhysicalPath = "aptoFisico\"
		Debug.AspNetCompiler.TargetPath = "PrecompiledWeb\localhost_52248\"
		Debug.AspNetCompiler.Updateable = "true"
		Debug.AspNetCompiler.ForceOverwrite = "true"
		Debug.AspNetCompiler.FixedNames = "false"
		Debug.AspNetCompiler.Debug = "True"
		Release.AspNetCompiler.VirtualPath = "/localhost_52248"
		Release.AspNetCompiler.PhysicalPath = "aptoFisico\"
		Release.AspNetCompiler.TargetPath = "PrecompiledWeb\localhost_52248\"
		Release.AspNetCompiler.Updateable = "true"
		Release.AspNetCompiler.ForceOverwrite = "true"
		Release.AspNetCompiler.FixedNames = "false"
		Release.AspNetCompiler.Debug = "False"
		VWDPort = "52248"
		SlnRelativePath = "aptoFisico\"
		DefaultWebSiteLanguage = "Visual C#"
		ProjOutputReferences = ""
	EndProjectSection
EndProject
Project("{FAE04EC0-301F-11D3-BF4B-00C04F79EFBC}") = "AptoFisico.Web", "AptoFisico.Web\AptoFisico.Web\AptoFisico.Web.csproj", "{1E018F67-E616-49B5-9799-1130B4B0EC00}"
EndProject
Project("{FAE04EC0-301F-11D3-BF4B-00C04F79EFBC}") = "AptoFisico.Tests", "..\..\..\centrodeportivo\CentroDeportivo\CentroDeportivo.Tests\AptoFisico.Tests.csproj", "{EF90AB86-3DF2-4A9B-BCC2-69B2291ACC3D}"
EndProject
Project("{FAE04EC0-301F-11D3-BF4B-00C04F79EFBC}") = "AptoFisico.WinForms", "AptoFisico.WinForms\AptoFisico.WinForms\AptoFisico.WinForms.csproj", "{CE1F1B4C-E45B-4034-B6CE-3B6CFE8BBBF5}"
EndProject
Project("{FAE04EC0-301F-11D3-BF4B-00C04F79EFBC}") = "CentroDeportivo.Modelo", "..\..\..\centrodeportivo\CentroDeportivo\CentroDeportivo.Modelo\CentroDeportivo.Modelo.csproj", "{ABAFA66A-11F9-4003-A6F8-AB9045062149}"
EndProject
Global
	GlobalSection(SolutionConfigurationPlatforms) = preSolution
		Debug|Any CPU = Debug|Any CPU
		Release|Any CPU = Release|Any CPU
	EndGlobalSection
	GlobalSection(ProjectConfigurationPlatforms) = postSolution
		{3B00293B-0FDC-4F7C-84A2-5288B258DAD5}.Debug|Any CPU.ActiveCfg = Debug|Any CPU
		{3B00293B-0FDC-4F7C-84A2-5288B258DAD5}.Debug|Any CPU.Build.0 = Debug|Any CPU
		{3B00293B-0FDC-4F7C-84A2-5288B258DAD5}.Release|Any CPU.ActiveCfg = Debug|Any CPU
		{3B00293B-0FDC-4F7C-84A2-5288B258DAD5}.Release|Any CPU.Build.0 = Debug|Any CPU
		{1E018F67-E616-49B5-9799-1130B4B0EC00}.Debug|Any CPU.ActiveCfg = Debug|Any CPU
		{1E018F67-E616-49B5-9799-1130B4B0EC00}.Debug|Any CPU.Build.0 = Debug|Any CPU
		{1E018F67-E616-49B5-9799-1130B4B0EC00}.Release|Any CPU.ActiveCfg = Release|Any CPU
		{1E018F67-E616-49B5-9799-1130B4B0EC00}.Release|Any CPU.Build.0 = Release|Any CPU
		{EF90AB86-3DF2-4A9B-BCC2-69B2291ACC3D}.Debug|Any CPU.ActiveCfg = Debug|Any CPU
		{EF90AB86-3DF2-4A9B-BCC2-69B2291ACC3D}.Debug|Any CPU.Build.0 = Debug|Any CPU
		{EF90AB86-3DF2-4A9B-BCC2-69B2291ACC3D}.Release|Any CPU.ActiveCfg = Release|Any CPU
		{EF90AB86-3DF2-4A9B-BCC2-69B2291ACC3D}.Release|Any CPU.Build.0 = Release|Any CPU
		{CE1F1B4C-E45B-4034-B6CE-3B6CFE8BBBF5}.Debug|Any CPU.ActiveCfg = Debug|Any CPU
		{CE1F1B4C-E45B-4034-B6CE-3B6CFE8BBBF5}.Debug|Any CPU.Build.0 = Debug|Any CPU
		{CE1F1B4C-E45B-4034-B6CE-3B6CFE8BBBF5}.Release|Any CPU.ActiveCfg = Release|Any CPU
		{CE1F1B4C-E45B-4034-B6CE-3B6CFE8BBBF5}.Release|Any CPU.Build.0 = Release|Any CPU
		{ABAFA66A-11F9-4003-A6F8-AB9045062149}.Debug|Any CPU.ActiveCfg = Debug|Any CPU
		{ABAFA66A-11F9-4003-A6F8-AB9045062149}.Debug|Any CPU.Build.0 = Debug|Any CPU
		{ABAFA66A-11F9-4003-A6F8-AB9045062149}.Release|Any CPU.ActiveCfg = Release|Any CPU
		{ABAFA66A-11F9-4003-A6F8-AB9045062149}.Release|Any CPU.Build.0 = Release|Any CPU
	EndGlobalSection
	GlobalSection(SolutionProperties) = preSolution
		HideSolutionNode = FALSE
	EndGlobalSection
	GlobalSection(ExtensibilityGlobals) = postSolution
		SolutionGuid = {FDD6E6CA-AD16-4EBF-BFE6-FAB8DEF0194A}
	EndGlobalSection
EndGlobal
